// !$*UTF8*$!
{
	archiveVersion = 1;
	classes = {
	};
	objectVersion = 48;
	objects = {

/* Begin PBXBuildFile section */
		1AAE92D41F01CF9600B6E76D /* AppDelegate.swift in Sources */ = {isa = PBXBuildFile; fileRef = 1AAE92D31F01CF9600B6E76D /* AppDelegate.swift */; };
		1AAE92D61F01CF9600B6E76D /* ViewController.swift in Sources */ = {isa = PBXBuildFile; fileRef = 1AAE92D51F01CF9600B6E76D /* ViewController.swift */; };
		1AAE92D91F01CF9600B6E76D /* Main.storyboard in Resources */ = {isa = PBXBuildFile; fileRef = 1AAE92D71F01CF9600B6E76D /* Main.storyboard */; };
		1AAE92DB1F01CF9600B6E76D /* Assets.xcassets in Resources */ = {isa = PBXBuildFile; fileRef = 1AAE92DA1F01CF9600B6E76D /* Assets.xcassets */; };
		1AAE92DE1F01CF9600B6E76D /* LaunchScreen.storyboard in Resources */ = {isa = PBXBuildFile; fileRef = 1AAE92DC1F01CF9600B6E76D /* LaunchScreen.storyboard */; };
		1AAE92E91F01D11500B6E76D /* TopRoad.swift in Sources */ = {isa = PBXBuildFile; fileRef = 1AAE92E81F01D11500B6E76D /* TopRoad.swift */; };
		1AAE92EB1F01D12500B6E76D /* MiddleRoad.swift in Sources */ = {isa = PBXBuildFile; fileRef = 1AAE92EA1F01D12500B6E76D /* MiddleRoad.swift */; };
		1AAE92ED1F01D13000B6E76D /* BottomRoad.swift in Sources */ = {isa = PBXBuildFile; fileRef = 1AAE92EC1F01D13000B6E76D /* BottomRoad.swift */; };
		1AAE92EF1F01D15400B6E76D /* Facade.swift in Sources */ = {isa = PBXBuildFile; fileRef = 1AAE92EE1F01D15400B6E76D /* Facade.swift */; };
/* End PBXBuildFile section */

/* Begin PBXFileReference section */
		1AAE92D01F01CF9600B6E76D /* FacadePattern.app */ = {isa = PBXFileReference; explicitFileType = wrapper.application; includeInIndex = 0; path = FacadePattern.app; sourceTree = BUILT_PRODUCTS_DIR; };
		1AAE92D31F01CF9600B6E76D /* AppDelegate.swift */ = {isa = PBXFileReference; lastKnownFileType = sourcecode.swift; path = AppDelegate.swift; sourceTree = "<group>"; };
		1AAE92D51F01CF9600B6E76D /* ViewController.swift */ = {isa = PBXFileReference; lastKnownFileType = sourcecode.swift; path = ViewController.swift; sourceTree = "<group>"; };
		1AAE92D81F01CF9600B6E76D /* Base */ = {isa = PBXFileReference; lastKnownFileType = file.storyboard; name = Base; path = Base.lproj/Main.storyboard; sourceTree = "<group>"; };
		1AAE92DA1F01CF9600B6E76D /* Assets.xcassets */ = {isa = PBXFileReference; lastKnownFileType = folder.assetcatalog; path = Assets.xcassets; sourceTree = "<group>"; };
		1AAE92DD1F01CF9600B6E76D /* Base */ = {isa = PBXFileReference; lastKnownFileType = file.storyboard; name = Base; path = Base.lproj/LaunchScreen.storyboard; sourceTree = "<group>"; };
		1AAE92DF1F01CF9600B6E76D /* Info.plist */ = {isa = PBXFileReference; lastKnownFileType = text.plist.xml; path = Info.plist; sourceTree = "<group>"; };
		1AAE92E81F01D11500B6E76D /* TopRoad.swift */ = {isa = PBXFileReference; lastKnownFileType = sourcecode.swift; path = TopRoad.swift; sourceTree = "<group>"; };
		1AAE92EA1F01D12500B6E76D /* MiddleRoad.swift */ = {isa = PBXFileReference; lastKnownFileType = sourcecode.swift; path = MiddleRoad.swift; sourceTree = "<group>"; };
		1AAE92EC1F01D13000B6E76D /* BottomRoad.swift */ = {isa = PBXFileReference; lastKnownFileType = sourcecode.swift; path = BottomRoad.swift; sourceTree = "<group>"; };
		1AAE92EE1F01D15400B6E76D /* Facade.swift */ = {isa = PBXFileReference; lastKnownFileType = sourcecode.swift; path = Facade.swift; sourceTree = "<group>"; };
/* End PBXFileReference section */

/* Begin PBXFrameworksBuildPhase section */
		1AAE92CD1F01CF9600B6E76D /* Frameworks */ = {
			isa = PBXFrameworksBuildPhase;
			buildActionMask = 2147483647;
			files = (
			);
			runOnlyForDeploymentPostprocessing = 0;
		};
/* End PBXFrameworksBuildPhase section */

/* Begin PBXGroup section */
		1AAE92C71F01CF9600B6E76D = {
			isa = PBXGroup;
			children = (
				1AAE92D21F01CF9600B6E76D /* FacadePattern */,
				1AAE92D11F01CF9600B6E76D /* Products */,
			);
			sourceTree = "<group>";
		};
		1AAE92D11F01CF9600B6E76D /* Products */ = {
			isa = PBXGroup;
			children = (
				1AAE92D01F01CF9600B6E76D /* FacadePattern.app */,
			);
			name = Products;
			sourceTree = "<group>";
		};
		1AAE92D21F01CF9600B6E76D /* FacadePattern */ = {
			isa = PBXGroup;
			children = (
				1AAE92E71F01CFF700B6E76D /* Client */,
				1AAE92E61F01CFEE00B6E76D /* Facade */,
				1AAE92E51F01CFD600B6E76D /* Subsystem */,
				1AAE92D71F01CF9600B6E76D /* Main.storyboard */,
				1AAE92DA1F01CF9600B6E76D /* Assets.xcassets */,
				1AAE92D31F01CF9600B6E76D /* AppDelegate.swift */,
				1AAE92DC1F01CF9600B6E76D /* LaunchScreen.storyboard */,
				1AAE92DF1F01CF9600B6E76D /* Info.plist */,
			);
			path = FacadePattern;
			sourceTree = "<group>";
		};
		1AAE92E51F01CFD600B6E76D /* Subsystem */ = {
			isa = PBXGroup;
			children = (
				1AAE92E81F01D11500B6E76D /* TopRoad.swift */,
				1AAE92EA1F01D12500B6E76D /* MiddleRoad.swift */,
				1AAE92EC1F01D13000B6E76D /* BottomRoad.swift */,
			);
			path = Subsystem;
			sourceTree = "<group>";
		};
		1AAE92E61F01CFEE00B6E76D /* Facade */ = {
			isa = PBXGroup;
			children = (
				1AAE92EE1F01D15400B6E76D /* Facade.swift */,
			);
			path = Facade;
			sourceTree = "<group>";
		};
		1AAE92E71F01CFF700B6E76D /* Client */ = {
			isa = PBXGroup;
			children = (
				1AAE92D51F01CF9600B6E76D /* ViewController.swift */,
			);
			path = Client;
			sourceTree = "<group>";
		};
/* End PBXGroup section */

/* Begin PBXNativeTarget section */
		1AAE92CF1F01CF9600B6E76D /* FacadePattern */ = {
			isa = PBXNativeTarget;
			buildConfigurationList = 1AAE92E21F01CF9600B6E76D /* Build configuration list for PBXNativeTarget "FacadePattern" */;
			buildPhases = (
				1AAE92CC1F01CF9600B6E76D /* Sources */,
				1AAE92CD1F01CF9600B6E76D /* Frameworks */,
				1AAE92CE1F01CF9600B6E76D /* Resources */,
			);
			buildRules = (
			);
			dependencies = (
			);
			name = FacadePattern;
			productName = FacadePattern;
			productReference = 1AAE92D01F01CF9600B6E76D /* FacadePattern.app */;
			productType = "com.apple.product-type.application";
		};
/* End PBXNativeTarget section */

/* Begin PBXProject section */
		1AAE92C81F01CF9600B6E76D /* Project object */ = {
			isa = PBXProject;
			attributes = {
				LastSwiftUpdateCheck = 0900;
				LastUpgradeCheck = 0900;
				ORGANIZATIONNAME = waitWalker;
				TargetAttributes = {
					1AAE92CF1F01CF9600B6E76D = {
						CreatedOnToolsVersion = 9.0;
					};
				};
			};
			buildConfigurationList = 1AAE92CB1F01CF9600B6E76D /* Build configuration list for PBXProject "FacadePattern" */;
			compatibilityVersion = "Xcode 8.0";
			developmentRegion = en;
			hasScannedForEncodings = 0;
			knownRegions = (
				en,
				Base,
			);
			mainGroup = 1AAE92C71F01CF9600B6E76D;
			productRefGroup = 1AAE92D11F01CF9600B6E76D /* Products */;
			projectDirPath = "";
			projectRoot = "";
			targets = (
				1AAE92CF1F01CF9600B6E76D /* FacadePattern */,
			);
		};
/* End PBXProject section */

/* Begin PBXResourcesBuildPhase section */
		1AAE92CE1F01CF9600B6E76D /* Resources */ = {
			isa = PBXResourcesBuildPhase;
			buildActionMask = 2147483647;
			files = (
				1AAE92DE1F01CF9600B6E76D /* LaunchScreen.storyboard in Resources */,
				1AAE92DB1F01CF9600B6E76D /* Assets.xcassets in Resources */,
				1AAE92D91F01CF9600B6E76D /* Main.storyboard in Resources */,
			);
			runOnlyForDeploymentPostprocessing = 0;
		};
/* End PBXResourcesBuildPhase section */

/* Begin PBXSourcesBuildPhase section */
		1AAE92CC1F01CF9600B6E76D /* Sources */ = {
			isa = PBXSourcesBuildPhase;
			buildActionMask = 2147483647;
			files = (
				1AAE92EB1F01D12500B6E76D /* MiddleRoad.swift in Sources */,
				1AAE92ED1F01D13000B6E76D /* BottomRoad.swift in Sources */,
				1AAE92E91F01D11500B6E76D /* TopRoad.swift in Sources */,
				1AAE92EF1F01D15400B6E76D /* Facade.swift in Sources */,
				1AAE92D61F01CF9600B6E76D /* ViewController.swift in Sources */,
				1AAE92D41F01CF9600B6E76D /* AppDelegate.swift in Sources */,
			);
			runOnlyForDeploymentPostprocessing = 0;
		};
/* End PBXSourcesBuildPhase section */

/* Begin PBXVariantGroup section */
		1AAE92D71F01CF9600B6E76D /* Main.storyboard */ = {
			isa = PBXVariantGroup;
			children = (
				1AAE92D81F01CF9600B6E76D /* Base */,
			);
			name = Main.storyboard;
			sourceTree = "<group>";
		};
		1AAE92DC1F01CF9600B6E76D /* LaunchScreen.storyboard */ = {
			isa = PBXVariantGroup;
			children = (
				1AAE92DD1F01CF9600B6E76D /* Base */,
			);
			name = LaunchScreen.storyboard;
			sourceTree = "<group>";
		};
/* End PBXVariantGroup section */

/* Begin XCBuildConfiguration section */
		1AAE92E01F01CF9600B6E76D /* Debug */ = {
			isa = XCBuildConfiguration;
			buildSettings = {
				ALWAYS_SEARCH_USER_PATHS = NO;
				CLANG_ANALYZER_NONNULL = YES;
				CLANG_ANALYZER_NUMBER_OBJECT_CONVERSION = YES_AGGRESSIVE;
				CLANG_CXX_LANGUAGE_STANDARD = "gnu++14";
				CLANG_CXX_LIBRARY = "libc++";
				CLANG_ENABLE_MODULES = YES;
				CLANG_ENABLE_OBJC_ARC = YES;
				CLANG_WARN_BLOCK_CAPTURE_AUTORELEASING = YES;
				CLANG_WARN_BOOL_CONVERSION = YES;
				CLANG_WARN_COMMA = YES;
				CLANG_WARN_CONSTANT_CONVERSION = YES;
				CLANG_WARN_DIRECT_OBJC_ISA_USAGE = YES_ERROR;
				CLANG_WARN_DOCUMENTATION_COMMENTS = YES;
				CLANG_WARN_EMPTY_BODY = YES;
				CLANG_WARN_ENUM_CONVERSION = YES;
				CLANG_WARN_INFINITE_RECURSION = YES;
				CLANG_WARN_INT_CONVERSION = YES;
				CLANG_WARN_OBJC_ROOT_CLASS = YES_ERROR;
				CLANG_WARN_RANGE_LOOP_ANALYSIS = YES;
				CLANG_WARN_STRICT_PROTOTYPES = YES;
				CLANG_WARN_SUSPICIOUS_MOVE = YES;
				CLANG_WARN_UNGUARDED_AVAILABILITY = YES_AGGRESSIVE;
				CLANG_WARN_UNREACHABLE_CODE = YES;
				CLANG_WARN__DUPLICATE_METHOD_MATCH = YES;
				CODE_SIGN_IDENTITY = "iPhone Developer";
				COPY_PHASE_STRIP = NO;
				DEBUG_INFORMATION_FORMAT = dwarf;
				ENABLE_STRICT_OBJC_MSGSEND = YES;
				ENABLE_TESTABILITY = YES;
				GCC_C_LANGUAGE_STANDARD = gnu11;
				GCC_DYNAMIC_NO_PIC = NO;
				GCC_NO_COMMON_BLOCKS = YES;
				GCC_OPTIMIZATION_LEVEL = 0;
				GCC_PREPROCESSOR_DEFINITIONS = (
					"DEBUG=1",
					"$(inherited)",
				);
				GCC_WARN_64_TO_32_BIT_CONVERSION = YES;
				GCC_WARN_ABOUT_RETURN_TYPE = YES_ERROR;
				GCC_WARN_UNDECLARED_SELECTOR = YES;
				GCC_WARN_UNINITIALIZED_AUTOS = YES_AGGRESSIVE;
				GCC_WARN_UNUSED_FUNCTION = YES;
				GCC_WARN_UNUSED_VARIABLE = YES;
				IPHONEOS_DEPLOYMENT_TARGET = 11.0;
				MTL_ENABLE_DEBUG_INFO = YES;
				ONLY_ACTIVE_ARCH = YES;
				SDKROOT = iphoneos;
				SWIFT_ACTIVE_COMPILATION_CONDITIONS = DEBUG;
				SWIFT_OPTIMIZATION_LEVEL = "-Onone";
			};
			name = Debug;
		};
		1AAE92E11F01CF9600B6E76D /* Release */ = {
			isa = XCBuildConfiguration;
			buildSettings = {
				ALWAYS_SEARCH_USER_PATHS = NO;
				CLANG_ANALYZER_NONNULL = YES;
				CLANG_ANALYZER_NUMBER_OBJECT_CONVERSION = YES_AGGRESSIVE;
				CLANG_CXX_LANGUAGE_STANDARD = "gnu++14";
				CLANG_CXX_LIBRARY = "libc++";
				CLANG_ENABLE_MODULES = YES;
				CLANG_ENABLE_OBJC_ARC = YES;
				CLANG_WARN_BLOCK_CAPTURE_AUTORELEASING = YES;
				CLANG_WARN_BOOL_CONVERSION = YES;
				CLANG_WARN_COMMA = YES;
				CLANG_WARN_CONSTANT_CONVERSION = YES;
				CLANG_WARN_DIRECT_OBJC_ISA_USAGE = YES_ERROR;
				CLANG_WARN_DOCUMENTATION_COMMENTS = YES;
				CLANG_WARN_EMPTY_BODY = YES;
				CLANG_WARN_ENUM_CONVERSION = YES;
				CLANG_WARN_INFINITE_RECURSION = YES;
				CLANG_WARN_INT_CONVERSION = YES;
				CLANG_WARN_OBJC_ROOT_CLASS = YES_ERROR;
				CLANG_WARN_RANGE_LOOP_ANALYSIS = YES;
				CLANG_WARN_STRICT_PROTOTYPES = YES;
				CLANG_WARN_SUSPICIOUS_MOVE = YES;
				CLANG_WARN_UNGUARDED_AVAILABILITY = YES_AGGRESSIVE;
				CLANG_WARN_UNREACHABLE_CODE = YES;
				CLANG_WARN__DUPLICATE_METHOD_MATCH = YES;
				CODE_SIGN_IDENTITY = "iPhone Developer";
				COPY_PHASE_STRIP = NO;
				DEBUG_INFORMATION_FORMAT = "dwarf-with-dsym";
				ENABLE_NS_ASSERTIONS = NO;
				ENABLE_STRICT_OBJC_MSGSEND = YES;
				GCC_C_LANGUAGE_STANDARD = gnu11;
				GCC_NO_COMMON_BLOCKS = YES;
				GCC_WARN_64_TO_32_BIT_CONVERSION = YES;
				GCC_WARN_ABOUT_RETURN_TYPE = YES_ERROR;
				GCC_WARN_UNDECLARED_SELECTOR = YES;
				GCC_WARN_UNINITIALIZED_AUTOS = YES_AGGRESSIVE;
				GCC_WARN_UNUSED_FUNCTION = YES;
				GCC_WARN_UNUSED_VARIABLE = YES;
				IPHONEOS_DEPLOYMENT_TARGET = 11.0;
				MTL_ENABLE_DEBUG_INFO = NO;
				SDKROOT = iphoneos;
				SWIFT_OPTIMIZATION_LEVEL = "-Owholemodule";
				VALIDATE_PRODUCT = YES;
			};
			name = Release;
		};
		1AAE92E31F01CF9600B6E76D /* Debug */ = {
			isa = XCBuildConfiguration;
			buildSettings = {
				ASSETCATALOG_COMPILER_APPICON_NAME = AppIcon;
				DEVELOPMENT_TEAM = NV5J27ZQZQ;
				INFOPLIST_FILE = FacadePattern/Info.plist;
				IPHONEOS_DEPLOYMENT_TARGET = 10.0;
				LD_RUNPATH_SEARCH_PATHS = "$(inherited) @executable_path/Frameworks";
				PRODUCT_BUNDLE_IDENTIFIER = waitwalker.FacadePattern;
				PRODUCT_NAME = "$(TARGET_NAME)";
				SWIFT_VERSION = 4.0;
				TARGETED_DEVICE_FAMILY = "1,2";
			};
			name = Debug;
		};
		1AAE92E41F01CF9600B6E76D /* Release */ = {
			isa = XCBuildConfiguration;
			buildSettings = {
				ASSETCATALOG_COMPILER_APPICON_NAME = AppIcon;
				DEVELOPMENT_TEAM = NV5J27ZQZQ;
				INFOPLIST_FILE = FacadePattern/Info.plist;
				IPHONEOS_DEPLOYMENT_TARGET = 10.0;
				LD_RUNPATH_SEARCH_PATHS = "$(inherited) @executable_path/Frameworks";
				PRODUCT_BUNDLE_IDENTIFIER = waitwalker.FacadePattern;
				PRODUCT_NAME = "$(TARGET_NAME)";
				SWIFT_VERSION = 4.0;
				TARGETED_DEVICE_FAMILY = "1,2";
			};
			name = Release;
		};
/* End XCBuildConfiguration section */

/* Begin XCConfigurationList section */
		1AAE92CB1F01CF9600B6E76D /* Build configuration list for PBXProject "FacadePattern" */ = {
			isa = XCConfigurationList;
			buildConfigurations = (
				1AAE92E01F01CF9600B6E76D /* Debug */,
				1AAE92E11F01CF9600B6E76D /* Release */,
			);
			defaultConfigurationIsVisible = 0;
			defaultConfigurationName = Release;
		};
		1AAE92E21F01CF9600B6E76D /* Build configuration list for PBXNativeTarget "FacadePattern" */ = {
			isa = XCConfigurationList;
			buildConfigurations = (
				1AAE92E31F01CF9600B6E76D /* Debug */,
				1AAE92E41F01CF9600B6E76D /* Release */,
			);
			defaultConfigurationIsVisible = 0;
		};
/* End XCConfigurationList section */
	};
	rootObject = 1AAE92C81F01CF9600B6E76D /* Project object */;
}
